
Microsoft Visual Studio Solution File, Format Version 12.00
# Visual Studio Version 17
VisualStudioVersion = 17.5.33530.505
MinimumVisualStudioVersion = 10.0.40219.1
Project("{FAE04EC0-301F-11D3-BF4B-00C04F79EFBC}") = "database practice", "database practice.csproj", "{ECDC38E5-2BF3-4249-9DE8-A738D5304A8F}"
EndProject
Global
	GlobalSection(SolutionConfigurationPlatforms) = preSolution
		Debug|Any CPU = Debug|Any CPU
		Release|Any CPU = Release|Any CPU
	EndGlobalSection
	GlobalSection(ProjectConfigurationPlatforms) = postSolution
		{ECDC38E5-2BF3-4249-9DE8-A738D5304A8F}.Debug|Any CPU.ActiveCfg = Debug|Any CPU
		{ECDC38E5-2BF3-4249-9DE8-A738D5304A8F}.Debug|Any CPU.Build.0 = Debug|Any CPU
		{ECDC38E5-2BF3-4249-9DE8-A738D5304A8F}.Release|Any CPU.ActiveCfg = Release|Any CPU
		{ECDC38E5-2BF3-4249-9DE8-A738D5304A8F}.Release|Any CPU.Build.0 = Release|Any CPU
	EndGlobalSection
	GlobalSection(SolutionProperties) = preSolution
		HideSolutionNode = FALSE
	EndGlobalSection
	GlobalSection(ExtensibilityGlobals) = postSolution
		SolutionGuid = {ED1484CE-4DB0-4944-BE55-89A0EAD67BF4}
	EndGlobalSection
EndGlobal
