
Microsoft Visual Studio Solution File, Format Version 12.00
# Visual Studio Version 17
VisualStudioVersion = 17.5.33530.505
MinimumVisualStudioVersion = 10.0.40219.1
Project("{FAE04EC0-301F-11D3-BF4B-00C04F79EFBC}") = "gui sec 1 q3", "gui sec 1 q3.csproj", "{6C803FBF-4196-4458-AD19-D0EF6C87882D}"
EndProject
Global
	GlobalSection(SolutionConfigurationPlatforms) = preSolution
		Debug|Any CPU = Debug|Any CPU
		Release|Any CPU = Release|Any CPU
	EndGlobalSection
	GlobalSection(ProjectConfigurationPlatforms) = postSolution
		{6C803FBF-4196-4458-AD19-D0EF6C87882D}.Debug|Any CPU.ActiveCfg = Debug|Any CPU
		{6C803FBF-4196-4458-AD19-D0EF6C87882D}.Debug|Any CPU.Build.0 = Debug|Any CPU
		{6C803FBF-4196-4458-AD19-D0EF6C87882D}.Release|Any CPU.ActiveCfg = Release|Any CPU
		{6C803FBF-4196-4458-AD19-D0EF6C87882D}.Release|Any CPU.Build.0 = Release|Any CPU
	EndGlobalSection
	GlobalSection(SolutionProperties) = preSolution
		HideSolutionNode = FALSE
	EndGlobalSection
	GlobalSection(ExtensibilityGlobals) = postSolution
		SolutionGuid = {AE4FBD5B-4386-425B-A26A-055E86B46EA1}
	EndGlobalSection
EndGlobal
