
Microsoft Visual Studio Solution File, Format Version 12.00
# Visual Studio Version 17
VisualStudioVersion = 17.5.33530.505
MinimumVisualStudioVersion = 10.0.40219.1
Project("{FAE04EC0-301F-11D3-BF4B-00C04F79EFBC}") = "file practice", "file practice.csproj", "{CA83BC65-BC8A-412A-8EB6-165F99D18B64}"
EndProject
Global
	GlobalSection(SolutionConfigurationPlatforms) = preSolution
		Debug|Any CPU = Debug|Any CPU
		Release|Any CPU = Release|Any CPU
	EndGlobalSection
	GlobalSection(ProjectConfigurationPlatforms) = postSolution
		{CA83BC65-BC8A-412A-8EB6-165F99D18B64}.Debug|Any CPU.ActiveCfg = Debug|Any CPU
		{CA83BC65-BC8A-412A-8EB6-165F99D18B64}.Debug|Any CPU.Build.0 = Debug|Any CPU
		{CA83BC65-BC8A-412A-8EB6-165F99D18B64}.Release|Any CPU.ActiveCfg = Release|Any CPU
		{CA83BC65-BC8A-412A-8EB6-165F99D18B64}.Release|Any CPU.Build.0 = Release|Any CPU
	EndGlobalSection
	GlobalSection(SolutionProperties) = preSolution
		HideSolutionNode = FALSE
	EndGlobalSection
	GlobalSection(ExtensibilityGlobals) = postSolution
		SolutionGuid = {30ADCECA-6756-42D3-BDC4-690C753B77EF}
	EndGlobalSection
EndGlobal
