
Microsoft Visual Studio Solution File, Format Version 12.00
# Visual Studio Version 17
VisualStudioVersion = 17.5.33530.505
MinimumVisualStudioVersion = 10.0.40219.1
Project("{FAE04EC0-301F-11D3-BF4B-00C04F79EFBC}") = "db practice 2", "db practice 2.csproj", "{0386D643-EBCC-4927-8D52-CCED8B8D13A8}"
EndProject
Global
	GlobalSection(SolutionConfigurationPlatforms) = preSolution
		Debug|Any CPU = Debug|Any CPU
		Release|Any CPU = Release|Any CPU
	EndGlobalSection
	GlobalSection(ProjectConfigurationPlatforms) = postSolution
		{0386D643-EBCC-4927-8D52-CCED8B8D13A8}.Debug|Any CPU.ActiveCfg = Debug|Any CPU
		{0386D643-EBCC-4927-8D52-CCED8B8D13A8}.Debug|Any CPU.Build.0 = Debug|Any CPU
		{0386D643-EBCC-4927-8D52-CCED8B8D13A8}.Release|Any CPU.ActiveCfg = Release|Any CPU
		{0386D643-EBCC-4927-8D52-CCED8B8D13A8}.Release|Any CPU.Build.0 = Release|Any CPU
	EndGlobalSection
	GlobalSection(SolutionProperties) = preSolution
		HideSolutionNode = FALSE
	EndGlobalSection
	GlobalSection(ExtensibilityGlobals) = postSolution
		SolutionGuid = {243FA248-8F86-4488-994A-92DE2FFD59C3}
	EndGlobalSection
EndGlobal
