
Microsoft Visual Studio Solution File, Format Version 12.00
# Visual Studio Version 17
VisualStudioVersion = 17.5.33530.505
MinimumVisualStudioVersion = 10.0.40219.1
Project("{FAE04EC0-301F-11D3-BF4B-00C04F79EFBC}") = "Show Password 2", "Show Password 2.csproj", "{051DAC7C-D899-4085-986A-B87F0FD29A03}"
EndProject
Global
	GlobalSection(SolutionConfigurationPlatforms) = preSolution
		Debug|Any CPU = Debug|Any CPU
		Release|Any CPU = Release|Any CPU
	EndGlobalSection
	GlobalSection(ProjectConfigurationPlatforms) = postSolution
		{051DAC7C-D899-4085-986A-B87F0FD29A03}.Debug|Any CPU.ActiveCfg = Debug|Any CPU
		{051DAC7C-D899-4085-986A-B87F0FD29A03}.Debug|Any CPU.Build.0 = Debug|Any CPU
		{051DAC7C-D899-4085-986A-B87F0FD29A03}.Release|Any CPU.ActiveCfg = Release|Any CPU
		{051DAC7C-D899-4085-986A-B87F0FD29A03}.Release|Any CPU.Build.0 = Release|Any CPU
	EndGlobalSection
	GlobalSection(SolutionProperties) = preSolution
		HideSolutionNode = FALSE
	EndGlobalSection
	GlobalSection(ExtensibilityGlobals) = postSolution
		SolutionGuid = {3DD8363C-0A42-4502-82E8-56B8B840D833}
	EndGlobalSection
EndGlobal
