
Microsoft Visual Studio Solution File, Format Version 12.00
# Visual Studio Version 17
VisualStudioVersion = 17.5.33530.505
MinimumVisualStudioVersion = 10.0.40219.1
Project("{FAE04EC0-301F-11D3-BF4B-00C04F79EFBC}") = "specialchar num letter", "specialchar num letter.csproj", "{3BFF62E3-2A3C-4FB4-850D-0DA68A8D3527}"
EndProject
Global
	GlobalSection(SolutionConfigurationPlatforms) = preSolution
		Debug|Any CPU = Debug|Any CPU
		Release|Any CPU = Release|Any CPU
	EndGlobalSection
	GlobalSection(ProjectConfigurationPlatforms) = postSolution
		{3BFF62E3-2A3C-4FB4-850D-0DA68A8D3527}.Debug|Any CPU.ActiveCfg = Debug|Any CPU
		{3BFF62E3-2A3C-4FB4-850D-0DA68A8D3527}.Debug|Any CPU.Build.0 = Debug|Any CPU
		{3BFF62E3-2A3C-4FB4-850D-0DA68A8D3527}.Release|Any CPU.ActiveCfg = Release|Any CPU
		{3BFF62E3-2A3C-4FB4-850D-0DA68A8D3527}.Release|Any CPU.Build.0 = Release|Any CPU
	EndGlobalSection
	GlobalSection(SolutionProperties) = preSolution
		HideSolutionNode = FALSE
	EndGlobalSection
	GlobalSection(ExtensibilityGlobals) = postSolution
		SolutionGuid = {DA24B6A6-00DE-4634-A631-78ABCD5FA6E0}
	EndGlobalSection
EndGlobal
