
Microsoft Visual Studio Solution File, Format Version 12.00
# Visual Studio Version 17
VisualStudioVersion = 17.5.33530.505
MinimumVisualStudioVersion = 10.0.40219.1
Project("{FAE04EC0-301F-11D3-BF4B-00C04F79EFBC}") = "Calculator", "Calculator.csproj", "{60D41B51-36A5-4593-8860-A4585FF52217}"
EndProject
Global
	GlobalSection(SolutionConfigurationPlatforms) = preSolution
		Debug|Any CPU = Debug|Any CPU
		Release|Any CPU = Release|Any CPU
	EndGlobalSection
	GlobalSection(ProjectConfigurationPlatforms) = postSolution
		{60D41B51-36A5-4593-8860-A4585FF52217}.Debug|Any CPU.ActiveCfg = Debug|Any CPU
		{60D41B51-36A5-4593-8860-A4585FF52217}.Debug|Any CPU.Build.0 = Debug|Any CPU
		{60D41B51-36A5-4593-8860-A4585FF52217}.Release|Any CPU.ActiveCfg = Release|Any CPU
		{60D41B51-36A5-4593-8860-A4585FF52217}.Release|Any CPU.Build.0 = Release|Any CPU
	EndGlobalSection
	GlobalSection(SolutionProperties) = preSolution
		HideSolutionNode = FALSE
	EndGlobalSection
	GlobalSection(ExtensibilityGlobals) = postSolution
		SolutionGuid = {40AC4F0B-81F0-481C-A857-CBD1CE88A8C0}
	EndGlobalSection
EndGlobal
