
Microsoft Visual Studio Solution File, Format Version 12.00
# Visual Studio Version 17
VisualStudioVersion = 17.5.33530.505
MinimumVisualStudioVersion = 10.0.40219.1
Project("{FAE04EC0-301F-11D3-BF4B-00C04F79EFBC}") = "Rock scissor", "Rock scissor.csproj", "{B4EB9F52-7C30-4A29-9791-2F26AAF088F1}"
EndProject
Global
	GlobalSection(SolutionConfigurationPlatforms) = preSolution
		Debug|Any CPU = Debug|Any CPU
		Release|Any CPU = Release|Any CPU
	EndGlobalSection
	GlobalSection(ProjectConfigurationPlatforms) = postSolution
		{B4EB9F52-7C30-4A29-9791-2F26AAF088F1}.Debug|Any CPU.ActiveCfg = Debug|Any CPU
		{B4EB9F52-7C30-4A29-9791-2F26AAF088F1}.Debug|Any CPU.Build.0 = Debug|Any CPU
		{B4EB9F52-7C30-4A29-9791-2F26AAF088F1}.Release|Any CPU.ActiveCfg = Release|Any CPU
		{B4EB9F52-7C30-4A29-9791-2F26AAF088F1}.Release|Any CPU.Build.0 = Release|Any CPU
	EndGlobalSection
	GlobalSection(SolutionProperties) = preSolution
		HideSolutionNode = FALSE
	EndGlobalSection
	GlobalSection(ExtensibilityGlobals) = postSolution
		SolutionGuid = {B5F93611-84CB-48FC-8A80-3A0E35C732BC}
	EndGlobalSection
EndGlobal
