
Microsoft Visual Studio Solution File, Format Version 12.00
# Visual Studio Version 17
VisualStudioVersion = 17.5.33530.505
MinimumVisualStudioVersion = 10.0.40219.1
Project("{FAE04EC0-301F-11D3-BF4B-00C04F79EFBC}") = "All In ONE", "All In ONE.csproj", "{C2C60E0E-E486-4335-B7D5-352E9AF88DE9}"
EndProject
Global
	GlobalSection(SolutionConfigurationPlatforms) = preSolution
		Debug|Any CPU = Debug|Any CPU
		Release|Any CPU = Release|Any CPU
	EndGlobalSection
	GlobalSection(ProjectConfigurationPlatforms) = postSolution
		{C2C60E0E-E486-4335-B7D5-352E9AF88DE9}.Debug|Any CPU.ActiveCfg = Debug|Any CPU
		{C2C60E0E-E486-4335-B7D5-352E9AF88DE9}.Debug|Any CPU.Build.0 = Debug|Any CPU
		{C2C60E0E-E486-4335-B7D5-352E9AF88DE9}.Release|Any CPU.ActiveCfg = Release|Any CPU
		{C2C60E0E-E486-4335-B7D5-352E9AF88DE9}.Release|Any CPU.Build.0 = Release|Any CPU
	EndGlobalSection
	GlobalSection(SolutionProperties) = preSolution
		HideSolutionNode = FALSE
	EndGlobalSection
	GlobalSection(ExtensibilityGlobals) = postSolution
		SolutionGuid = {35694A11-2A42-4E03-8FAE-C1E880F31627}
	EndGlobalSection
EndGlobal
