
Microsoft Visual Studio Solution File, Format Version 12.00
# Visual Studio Version 17
VisualStudioVersion = 17.5.33530.505
MinimumVisualStudioVersion = 10.0.40219.1
Project("{FAE04EC0-301F-11D3-BF4B-00C04F79EFBC}") = "lab7", "lab7.csproj", "{2727F0FA-0987-46C3-BB22-7D9EAE61B6B5}"
EndProject
Global
	GlobalSection(SolutionConfigurationPlatforms) = preSolution
		Debug|Any CPU = Debug|Any CPU
		Release|Any CPU = Release|Any CPU
	EndGlobalSection
	GlobalSection(ProjectConfigurationPlatforms) = postSolution
		{2727F0FA-0987-46C3-BB22-7D9EAE61B6B5}.Debug|Any CPU.ActiveCfg = Debug|Any CPU
		{2727F0FA-0987-46C3-BB22-7D9EAE61B6B5}.Debug|Any CPU.Build.0 = Debug|Any CPU
		{2727F0FA-0987-46C3-BB22-7D9EAE61B6B5}.Release|Any CPU.ActiveCfg = Release|Any CPU
		{2727F0FA-0987-46C3-BB22-7D9EAE61B6B5}.Release|Any CPU.Build.0 = Release|Any CPU
	EndGlobalSection
	GlobalSection(SolutionProperties) = preSolution
		HideSolutionNode = FALSE
	EndGlobalSection
	GlobalSection(ExtensibilityGlobals) = postSolution
		SolutionGuid = {C66B2D68-D5DE-4A43-9712-CFB3134399FE}
	EndGlobalSection
EndGlobal
