
Microsoft Visual Studio Solution File, Format Version 12.00
# Visual Studio Version 17
VisualStudioVersion = 17.5.33530.505
MinimumVisualStudioVersion = 10.0.40219.1
Project("{FAE04EC0-301F-11D3-BF4B-00C04F79EFBC}") = "WindowsFormsApp2", "WindowsFormsApp2.csproj", "{ECD4F360-1F38-4C28-9B84-9CEF07441503}"
EndProject
Global
	GlobalSection(SolutionConfigurationPlatforms) = preSolution
		Debug|Any CPU = Debug|Any CPU
		Release|Any CPU = Release|Any CPU
	EndGlobalSection
	GlobalSection(ProjectConfigurationPlatforms) = postSolution
		{ECD4F360-1F38-4C28-9B84-9CEF07441503}.Debug|Any CPU.ActiveCfg = Debug|Any CPU
		{ECD4F360-1F38-4C28-9B84-9CEF07441503}.Debug|Any CPU.Build.0 = Debug|Any CPU
		{ECD4F360-1F38-4C28-9B84-9CEF07441503}.Release|Any CPU.ActiveCfg = Release|Any CPU
		{ECD4F360-1F38-4C28-9B84-9CEF07441503}.Release|Any CPU.Build.0 = Release|Any CPU
	EndGlobalSection
	GlobalSection(SolutionProperties) = preSolution
		HideSolutionNode = FALSE
	EndGlobalSection
	GlobalSection(ExtensibilityGlobals) = postSolution
		SolutionGuid = {F7CDAF8F-D4D9-45C4-B097-7914FA8793EE}
	EndGlobalSection
EndGlobal
