
Microsoft Visual Studio Solution File, Format Version 12.00
# Visual Studio Version 17
VisualStudioVersion = 17.5.33530.505
MinimumVisualStudioVersion = 10.0.40219.1
Project("{FAE04EC0-301F-11D3-BF4B-00C04F79EFBC}") = "project 2 Scientific Calculator", "project 2 Scientific Calculator.csproj", "{BCE37A1B-7AD0-4AA6-A7C4-7007FBBC4B75}"
EndProject
Global
	GlobalSection(SolutionConfigurationPlatforms) = preSolution
		Debug|Any CPU = Debug|Any CPU
		Release|Any CPU = Release|Any CPU
	EndGlobalSection
	GlobalSection(ProjectConfigurationPlatforms) = postSolution
		{BCE37A1B-7AD0-4AA6-A7C4-7007FBBC4B75}.Debug|Any CPU.ActiveCfg = Debug|Any CPU
		{BCE37A1B-7AD0-4AA6-A7C4-7007FBBC4B75}.Debug|Any CPU.Build.0 = Debug|Any CPU
		{BCE37A1B-7AD0-4AA6-A7C4-7007FBBC4B75}.Release|Any CPU.ActiveCfg = Release|Any CPU
		{BCE37A1B-7AD0-4AA6-A7C4-7007FBBC4B75}.Release|Any CPU.Build.0 = Release|Any CPU
	EndGlobalSection
	GlobalSection(SolutionProperties) = preSolution
		HideSolutionNode = FALSE
	EndGlobalSection
	GlobalSection(ExtensibilityGlobals) = postSolution
		SolutionGuid = {9E796988-26A7-4B48-92AF-45DD1CFAC1CD}
	EndGlobalSection
EndGlobal
