
Microsoft Visual Studio Solution File, Format Version 12.00
# Visual Studio Version 17
VisualStudioVersion = 17.5.33530.505
MinimumVisualStudioVersion = 10.0.40219.1
Project("{FAE04EC0-301F-11D3-BF4B-00C04F79EFBC}") = "EPD Assignment 1", "EPD Assignment 1.csproj", "{B928E26F-5B99-415F-945B-373ECE88415D}"
EndProject
Global
	GlobalSection(SolutionConfigurationPlatforms) = preSolution
		Debug|Any CPU = Debug|Any CPU
		Release|Any CPU = Release|Any CPU
	EndGlobalSection
	GlobalSection(ProjectConfigurationPlatforms) = postSolution
		{B928E26F-5B99-415F-945B-373ECE88415D}.Debug|Any CPU.ActiveCfg = Debug|Any CPU
		{B928E26F-5B99-415F-945B-373ECE88415D}.Debug|Any CPU.Build.0 = Debug|Any CPU
		{B928E26F-5B99-415F-945B-373ECE88415D}.Release|Any CPU.ActiveCfg = Release|Any CPU
		{B928E26F-5B99-415F-945B-373ECE88415D}.Release|Any CPU.Build.0 = Release|Any CPU
	EndGlobalSection
	GlobalSection(SolutionProperties) = preSolution
		HideSolutionNode = FALSE
	EndGlobalSection
	GlobalSection(ExtensibilityGlobals) = postSolution
		SolutionGuid = {ECF20C89-EF97-4B58-BFC1-BCA4D7F9D8DF}
	EndGlobalSection
EndGlobal
