
Microsoft Visual Studio Solution File, Format Version 12.00
# Visual Studio Version 17
VisualStudioVersion = 17.5.33530.505
MinimumVisualStudioVersion = 10.0.40219.1
Project("{FAE04EC0-301F-11D3-BF4B-00C04F79EFBC}") = "lab 9", "lab 9.csproj", "{5CBF9BC4-C7F8-485D-AC6A-A59A2370629F}"
EndProject
Global
	GlobalSection(SolutionConfigurationPlatforms) = preSolution
		Debug|Any CPU = Debug|Any CPU
		Release|Any CPU = Release|Any CPU
	EndGlobalSection
	GlobalSection(ProjectConfigurationPlatforms) = postSolution
		{5CBF9BC4-C7F8-485D-AC6A-A59A2370629F}.Debug|Any CPU.ActiveCfg = Debug|Any CPU
		{5CBF9BC4-C7F8-485D-AC6A-A59A2370629F}.Debug|Any CPU.Build.0 = Debug|Any CPU
		{5CBF9BC4-C7F8-485D-AC6A-A59A2370629F}.Release|Any CPU.ActiveCfg = Release|Any CPU
		{5CBF9BC4-C7F8-485D-AC6A-A59A2370629F}.Release|Any CPU.Build.0 = Release|Any CPU
	EndGlobalSection
	GlobalSection(SolutionProperties) = preSolution
		HideSolutionNode = FALSE
	EndGlobalSection
	GlobalSection(ExtensibilityGlobals) = postSolution
		SolutionGuid = {1AC56A92-91C1-4BAF-A8CC-75626B2A6414}
	EndGlobalSection
EndGlobal
