
Microsoft Visual Studio Solution File, Format Version 12.00
# Visual Studio Version 17
VisualStudioVersion = 17.5.33530.505
MinimumVisualStudioVersion = 10.0.40219.1
Project("{FAE04EC0-301F-11D3-BF4B-00C04F79EFBC}") = "db practice 3", "db practice 3.csproj", "{D4A928AE-0A11-40C8-BCC5-22EE223840D3}"
EndProject
Global
	GlobalSection(SolutionConfigurationPlatforms) = preSolution
		Debug|Any CPU = Debug|Any CPU
		Release|Any CPU = Release|Any CPU
	EndGlobalSection
	GlobalSection(ProjectConfigurationPlatforms) = postSolution
		{D4A928AE-0A11-40C8-BCC5-22EE223840D3}.Debug|Any CPU.ActiveCfg = Debug|Any CPU
		{D4A928AE-0A11-40C8-BCC5-22EE223840D3}.Debug|Any CPU.Build.0 = Debug|Any CPU
		{D4A928AE-0A11-40C8-BCC5-22EE223840D3}.Release|Any CPU.ActiveCfg = Release|Any CPU
		{D4A928AE-0A11-40C8-BCC5-22EE223840D3}.Release|Any CPU.Build.0 = Release|Any CPU
	EndGlobalSection
	GlobalSection(SolutionProperties) = preSolution
		HideSolutionNode = FALSE
	EndGlobalSection
	GlobalSection(ExtensibilityGlobals) = postSolution
		SolutionGuid = {9FECC422-31C2-422D-A3F8-63C5B1254E05}
	EndGlobalSection
EndGlobal
