
Microsoft Visual Studio Solution File, Format Version 12.00
# Visual Studio Version 17
VisualStudioVersion = 17.5.33530.505
MinimumVisualStudioVersion = 10.0.40219.1
Project("{FAE04EC0-301F-11D3-BF4B-00C04F79EFBC}") = "WindowsFormsApp5", "WindowsFormsApp5.csproj", "{692751C9-3C8B-494F-B100-0DF7109D7060}"
EndProject
Global
	GlobalSection(SolutionConfigurationPlatforms) = preSolution
		Debug|Any CPU = Debug|Any CPU
		Release|Any CPU = Release|Any CPU
	EndGlobalSection
	GlobalSection(ProjectConfigurationPlatforms) = postSolution
		{692751C9-3C8B-494F-B100-0DF7109D7060}.Debug|Any CPU.ActiveCfg = Debug|Any CPU
		{692751C9-3C8B-494F-B100-0DF7109D7060}.Debug|Any CPU.Build.0 = Debug|Any CPU
		{692751C9-3C8B-494F-B100-0DF7109D7060}.Release|Any CPU.ActiveCfg = Release|Any CPU
		{692751C9-3C8B-494F-B100-0DF7109D7060}.Release|Any CPU.Build.0 = Release|Any CPU
	EndGlobalSection
	GlobalSection(SolutionProperties) = preSolution
		HideSolutionNode = FALSE
	EndGlobalSection
	GlobalSection(ExtensibilityGlobals) = postSolution
		SolutionGuid = {743F6588-9DAD-4CF6-B887-D472FD275E9E}
	EndGlobalSection
EndGlobal
