
Microsoft Visual Studio Solution File, Format Version 12.00
# Visual Studio Version 17
VisualStudioVersion = 17.5.33530.505
MinimumVisualStudioVersion = 10.0.40219.1
Project("{FAE04EC0-301F-11D3-BF4B-00C04F79EFBC}") = "lab 6", "lab 6.csproj", "{8C1A4C40-15BA-41C0-8549-7661BA041049}"
EndProject
Global
	GlobalSection(SolutionConfigurationPlatforms) = preSolution
		Debug|Any CPU = Debug|Any CPU
		Release|Any CPU = Release|Any CPU
	EndGlobalSection
	GlobalSection(ProjectConfigurationPlatforms) = postSolution
		{8C1A4C40-15BA-41C0-8549-7661BA041049}.Debug|Any CPU.ActiveCfg = Debug|Any CPU
		{8C1A4C40-15BA-41C0-8549-7661BA041049}.Debug|Any CPU.Build.0 = Debug|Any CPU
		{8C1A4C40-15BA-41C0-8549-7661BA041049}.Release|Any CPU.ActiveCfg = Release|Any CPU
		{8C1A4C40-15BA-41C0-8549-7661BA041049}.Release|Any CPU.Build.0 = Release|Any CPU
	EndGlobalSection
	GlobalSection(SolutionProperties) = preSolution
		HideSolutionNode = FALSE
	EndGlobalSection
	GlobalSection(ExtensibilityGlobals) = postSolution
		SolutionGuid = {54EB1182-0CEB-4928-BEE4-37796AA61BCD}
	EndGlobalSection
EndGlobal
